// !$*UTF8*$!
{
	archiveVersion = 1;
	classes = {
	};
	objectVersion = 46;
	objects = {

/* Begin PBXBuildFile section */
		C408D62518769DD60070FC43 /* DDEViewController.m in Sources */ = {isa = PBXBuildFile; fileRef = C408D62018769DD60070FC43 /* DDEViewController.m */; };
		C408D62618769DD60070FC43 /* DDEAppDelegate.m in Sources */ = {isa = PBXBuildFile; fileRef = C408D62418769DD60070FC43 /* DDEAppDelegate.m */; };
		C408D62918769DF70070FC43 /* Images.xcassets in Resources */ = {isa = PBXBuildFile; fileRef = C408D62818769DF70070FC43 /* Images.xcassets */; };
		C408D62D18769E610070FC43 /* DDDanceMove.m in Sources */ = {isa = PBXBuildFile; fileRef = C45EE12118769921003DF245 /* DDDanceMove.m */; };
		C408D62F18769E610070FC43 /* DDDanceMoveBernie.m in Sources */ = {isa = PBXBuildFile; fileRef = C45EE12318769921003DF245 /* DDDanceMoveBernie.m */; };
		C408D63118769E610070FC43 /* DDMotionRequirements.m in Sources */ = {isa = PBXBuildFile; fileRef = C45EE12518769921003DF245 /* DDMotionRequirements.m */; };
		C408D63318769E610070FC43 /* SKButton.m in Sources */ = {isa = PBXBuildFile; fileRef = C45EE12718769921003DF245 /* SKButton.m */; };
		C408D63518769E610070FC43 /* SKMultilineLabel.m in Sources */ = {isa = PBXBuildFile; fileRef = C45EE12918769921003DF245 /* SKMultilineLabel.m */; };
		C408D63718769E610070FC43 /* TCProgressTimerForegroundCropNode.m in Sources */ = {isa = PBXBuildFile; fileRef = C45EE12B18769921003DF245 /* TCProgressTimerForegroundCropNode.m */; };
		C408D63918769E610070FC43 /* TCProgressTimerNode.m in Sources */ = {isa = PBXBuildFile; fileRef = C45EE12D18769921003DF245 /* TCProgressTimerNode.m */; };
		C408D65118769EEB0070FC43 /* ACaslonPro-BoldItalic.otf in Resources */ = {isa = PBXBuildFile; fileRef = C408D64618769EEB0070FC43 /* ACaslonPro-BoldItalic.otf */; };
		C408D65218769EEB0070FC43 /* ACaslonPro-BoldItalic.otf in Resources */ = {isa = PBXBuildFile; fileRef = C408D64618769EEB0070FC43 /* ACaslonPro-BoldItalic.otf */; };
		C408D65318769EEB0070FC43 /* Economica-Bold.otf in Resources */ = {isa = PBXBuildFile; fileRef = C408D64718769EEB0070FC43 /* Economica-Bold.otf */; };
		C408D65418769EEB0070FC43 /* Economica-Bold.otf in Resources */ = {isa = PBXBuildFile; fileRef = C408D64718769EEB0070FC43 /* Economica-Bold.otf */; };
		C408D65518769EEB0070FC43 /* Economica-BoldItalic.otf in Resources */ = {isa = PBXBuildFile; fileRef = C408D64818769EEB0070FC43 /* Economica-BoldItalic.otf */; };
		C408D65618769EEB0070FC43 /* Economica-BoldItalic.otf in Resources */ = {isa = PBXBuildFile; fileRef = C408D64818769EEB0070FC43 /* Economica-BoldItalic.otf */; };
		C408D65718769EEB0070FC43 /* Economica-Italic.otf in Resources */ = {isa = PBXBuildFile; fileRef = C408D64918769EEB0070FC43 /* Economica-Italic.otf */; };
		C408D65818769EEB0070FC43 /* Economica-Italic.otf in Resources */ = {isa = PBXBuildFile; fileRef = C408D64918769EEB0070FC43 /* Economica-Italic.otf */; };
		C408D65918769EEB0070FC43 /* Economica-Regular.otf in Resources */ = {isa = PBXBuildFile; fileRef = C408D64A18769EEB0070FC43 /* Economica-Regular.otf */; };
		C408D65A18769EEB0070FC43 /* Economica-Regular.otf in Resources */ = {isa = PBXBuildFile; fileRef = C408D64A18769EEB0070FC43 /* Economica-Regular.otf */; };
		C408D65B18769EEB0070FC43 /* the_bernie.caf in Resources */ = {isa = PBXBuildFile; fileRef = C408D64D18769EEB0070FC43 /* the_bernie.caf */; };
		C408D65C18769EEB0070FC43 /* the_bernie.caf in Resources */ = {isa = PBXBuildFile; fileRef = C408D64D18769EEB0070FC43 /* the_bernie.caf */; };
		C408D65D18769EEB0070FC43 /* step1_alice.caf in Resources */ = {isa = PBXBuildFile; fileRef = C408D64F18769EEB0070FC43 /* step1_alice.caf */; };
		C408D65E18769EEB0070FC43 /* step1_alice.caf in Resources */ = {isa = PBXBuildFile; fileRef = C408D64F18769EEB0070FC43 /* step1_alice.caf */; };
		C408D65F18769EEB0070FC43 /* step2_alice.caf in Resources */ = {isa = PBXBuildFile; fileRef = C408D65018769EEB0070FC43 /* step2_alice.caf */; };
		C408D66018769EEB0070FC43 /* step2_alice.caf in Resources */ = {isa = PBXBuildFile; fileRef = C408D65018769EEB0070FC43 /* step2_alice.caf */; };
		C428898B18769D3C001FFB3A /* Foundation.framework in Frameworks */ = {isa = PBXBuildFile; fileRef = C4933679185453010027C38C /* Foundation.framework */; };
		C428898C18769D3C001FFB3A /* CoreGraphics.framework in Frameworks */ = {isa = PBXBuildFile; fileRef = C493367B185453010027C38C /* CoreGraphics.framework */; };
		C428898D18769D3C001FFB3A /* UIKit.framework in Frameworks */ = {isa = PBXBuildFile; fileRef = C493367D185453010027C38C /* UIKit.framework */; };
		C428898E18769D3C001FFB3A /* SpriteKit.framework in Frameworks */ = {isa = PBXBuildFile; fileRef = C493367F185453010027C38C /* SpriteKit.framework */; };
		C428899418769D3C001FFB3A /* InfoPlist.strings in Resources */ = {isa = PBXBuildFile; fileRef = C428899218769D3C001FFB3A /* InfoPlist.strings */; };
		C428899618769D3C001FFB3A /* main.m in Sources */ = {isa = PBXBuildFile; fileRef = C428899518769D3C001FFB3A /* main.m */; };
		C428899D18769D3C001FFB3A /* Main.storyboard in Resources */ = {isa = PBXBuildFile; fileRef = C428899B18769D3C001FFB3A /* Main.storyboard */; };
		C437063D1896450700BF6ECC /* Main.storyboard in Resources */ = {isa = PBXBuildFile; fileRef = C437060F1896450700BF6ECC /* Main.storyboard */; };
		C437063E1896450700BF6ECC /* DDViewController.m in Sources */ = {isa = PBXBuildFile; fileRef = C43706131896450700BF6ECC /* DDViewController.m */; };
		C43706481896450700BF6ECC /* DDAppDelegate.m in Sources */ = {isa = PBXBuildFile; fileRef = C43706331896450700BF6ECC /* DDAppDelegate.m */; };
		C437064B1896450700BF6ECC /* InfoPlist.strings in Resources */ = {isa = PBXBuildFile; fileRef = C43706381896450700BF6ECC /* InfoPlist.strings */; };
		C437064C1896450700BF6ECC /* main.m in Sources */ = {isa = PBXBuildFile; fileRef = C437063A1896450700BF6ECC /* main.m */; };
		C437064D1896450700BF6ECC /* Images.xcassets in Resources */ = {isa = PBXBuildFile; fileRef = C437063C1896450700BF6ECC /* Images.xcassets */; };
		C45EE13418769921003DF245 /* DDDanceMove.m in Sources */ = {isa = PBXBuildFile; fileRef = C45EE12118769921003DF245 /* DDDanceMove.m */; };
		C45EE13618769921003DF245 /* DDDanceMoveBernie.m in Sources */ = {isa = PBXBuildFile; fileRef = C45EE12318769921003DF245 /* DDDanceMoveBernie.m */; };
		C45EE13818769921003DF245 /* DDMotionRequirements.m in Sources */ = {isa = PBXBuildFile; fileRef = C45EE12518769921003DF245 /* DDMotionRequirements.m */; };
		C45EE13A18769921003DF245 /* SKButton.m in Sources */ = {isa = PBXBuildFile; fileRef = C45EE12718769921003DF245 /* SKButton.m */; };
		C45EE13C18769921003DF245 /* SKMultilineLabel.m in Sources */ = {isa = PBXBuildFile; fileRef = C45EE12918769921003DF245 /* SKMultilineLabel.m */; };
		C45EE13E18769921003DF245 /* TCProgressTimerForegroundCropNode.m in Sources */ = {isa = PBXBuildFile; fileRef = C45EE12B18769921003DF245 /* TCProgressTimerForegroundCropNode.m */; };
		C45EE14018769921003DF245 /* TCProgressTimerNode.m in Sources */ = {isa = PBXBuildFile; fileRef = C45EE12D18769921003DF245 /* TCProgressTimerNode.m */; };
		C478E23318979FD7007B60EC /* DDGameManager.m in Sources */ = {isa = PBXBuildFile; fileRef = C478E23218979FD7007B60EC /* DDGameManager.m */; };
		C478E23418979FD7007B60EC /* DDGameManager.m in Sources */ = {isa = PBXBuildFile; fileRef = C478E23218979FD7007B60EC /* DDGameManager.m */; };
		C478E2371897A070007B60EC /* DDSessionManager.m in Sources */ = {isa = PBXBuildFile; fileRef = C478E2361897A070007B60EC /* DDSessionManager.m */; };
		C478E2381897A070007B60EC /* DDSessionManager.m in Sources */ = {isa = PBXBuildFile; fileRef = C478E2361897A070007B60EC /* DDSessionManager.m */; };
		C478E24C1897A187007B60EC /* DDDanceMoveInstructionsScene.m in Sources */ = {isa = PBXBuildFile; fileRef = C478E23C1897A187007B60EC /* DDDanceMoveInstructionsScene.m */; };
		C478E24D1897A187007B60EC /* DDDanceMoveInstructionsScene.m in Sources */ = {isa = PBXBuildFile; fileRef = C478E23C1897A187007B60EC /* DDDanceMoveInstructionsScene.m */; };
		C478E24E1897A187007B60EC /* DDDanceMoveResultsScene.m in Sources */ = {isa = PBXBuildFile; fileRef = C478E23F1897A187007B60EC /* DDDanceMoveResultsScene.m */; };
		C478E24F1897A187007B60EC /* DDDanceMoveResultsScene.m in Sources */ = {isa = PBXBuildFile; fileRef = C478E23F1897A187007B60EC /* DDDanceMoveResultsScene.m */; };
		C478E2501897A187007B60EC /* DDDanceMoveSeeInActionScene.m in Sources */ = {isa = PBXBuildFile; fileRef = C478E2421897A187007B60EC /* DDDanceMoveSeeInActionScene.m */; };
		C478E2511897A187007B60EC /* DDDanceMoveSeeInActionScene.m in Sources */ = {isa = PBXBuildFile; fileRef = C478E2421897A187007B60EC /* DDDanceMoveSeeInActionScene.m */; };
		C478E2521897A187007B60EC /* DDDanceMoveSelectionScene.m in Sources */ = {isa = PBXBuildFile; fileRef = C478E2451897A187007B60EC /* DDDanceMoveSelectionScene.m */; };
		C478E2531897A187007B60EC /* DDDanceMoveSelectionScene.m in Sources */ = {isa = PBXBuildFile; fileRef = C478E2451897A187007B60EC /* DDDanceMoveSelectionScene.m */; };
		C478E2541897A187007B60EC /* DDDanceMoveTryItOutScene.m in Sources */ = {isa = PBXBuildFile; fileRef = C478E2481897A187007B60EC /* DDDanceMoveTryItOutScene.m */; };
		C478E2551897A187007B60EC /* DDDanceMoveTryItOutScene.m in Sources */ = {isa = PBXBuildFile; fileRef = C478E2481897A187007B60EC /* DDDanceMoveTryItOutScene.m */; };
		C478E25B1897A1C5007B60EC /* DDEMainMenuScene.m in Sources */ = {isa = PBXBuildFile; fileRef = C478E25A1897A1C5007B60EC /* DDEMainMenuScene.m */; };
		C478E25F1897A1D8007B60EC /* DDMainMenuScene.m in Sources */ = {isa = PBXBuildFile; fileRef = C478E25E1897A1D8007B60EC /* DDMainMenuScene.m */; };
		C478E26B1897ABF7007B60EC /* DDSearchingForExternalScene.m in Sources */ = {isa = PBXBuildFile; fileRef = C478E26A1897ABF7007B60EC /* DDSearchingForExternalScene.m */; };
		C478E26F1897ABFD007B60EC /* DDConnectedToExternalScene.m in Sources */ = {isa = PBXBuildFile; fileRef = C478E26E1897ABFD007B60EC /* DDConnectedToExternalScene.m */; };
		C478E2731897AC31007B60EC /* DDESearchingForControllerScene.m in Sources */ = {isa = PBXBuildFile; fileRef = C478E2721897AC31007B60EC /* DDESearchingForControllerScene.m */; };
		C478E2771897AC37007B60EC /* DDEConnectedToControllerScene.m in Sources */ = {isa = PBXBuildFile; fileRef = C478E2761897AC37007B60EC /* DDEConnectedToControllerScene.m */; };
		C48DB4CD189104CF00D6D988 /* MultipeerConnectivity.framework in Frameworks */ = {isa = PBXBuildFile; fileRef = C48DB4CC189104CF00D6D988 /* MultipeerConnectivity.framework */; };
		C48DB4CE189104D600D6D988 /* MultipeerConnectivity.framework in Frameworks */ = {isa = PBXBuildFile; fileRef = C48DB4CC189104CF00D6D988 /* MultipeerConnectivity.framework */; };
		C48DB4DE18910BB200D6D988 /* AVFoundation.framework in Frameworks */ = {isa = PBXBuildFile; fileRef = C48DB4DD18910BB200D6D988 /* AVFoundation.framework */; };
		C48DB4DF18910BB800D6D988 /* AVFoundation.framework in Frameworks */ = {isa = PBXBuildFile; fileRef = C48DB4DD18910BB200D6D988 /* AVFoundation.framework */; };
		C493367A185453010027C38C /* Foundation.framework in Frameworks */ = {isa = PBXBuildFile; fileRef = C4933679185453010027C38C /* Foundation.framework */; };
		C493367C185453010027C38C /* CoreGraphics.framework in Frameworks */ = {isa = PBXBuildFile; fileRef = C493367B185453010027C38C /* CoreGraphics.framework */; };
		C493367E185453010027C38C /* UIKit.framework in Frameworks */ = {isa = PBXBuildFile; fileRef = C493367D185453010027C38C /* UIKit.framework */; };
		C4933680185453010027C38C /* SpriteKit.framework in Frameworks */ = {isa = PBXBuildFile; fileRef = C493367F185453010027C38C /* SpriteKit.framework */; };
		C4AE2FE81894CD6A00D23E30 /* DDPacket.m in Sources */ = {isa = PBXBuildFile; fileRef = C4AE2FE71894CD6A00D23E30 /* DDPacket.m */; };
		C4AE2FE91894CD6A00D23E30 /* DDPacket.m in Sources */ = {isa = PBXBuildFile; fileRef = C4AE2FE71894CD6A00D23E30 /* DDPacket.m */; };
		C4AE2FED1894CDB900D23E30 /* NSData+Networking.m in Sources */ = {isa = PBXBuildFile; fileRef = C4AE2FEC1894CDB900D23E30 /* NSData+Networking.m */; };
		C4AE2FEE1894CDB900D23E30 /* NSData+Networking.m in Sources */ = {isa = PBXBuildFile; fileRef = C4AE2FEC1894CDB900D23E30 /* NSData+Networking.m */; };
		C4AE2FF11894D20500D23E30 /* DDPacketStartDanceMoveDance.m in Sources */ = {isa = PBXBuildFile; fileRef = C4AE2FF01894D20500D23E30 /* DDPacketStartDanceMoveDance.m */; };
		C4AE2FF21894D20500D23E30 /* DDPacketStartDanceMoveDance.m in Sources */ = {isa = PBXBuildFile; fileRef = C4AE2FF01894D20500D23E30 /* DDPacketStartDanceMoveDance.m */; };
/* End PBXBuildFile section */

/* Begin PBXFileReference section */
		C408D61F18769DD60070FC43 /* DDEViewController.h */ = {isa = PBXFileReference; fileEncoding = 4; lastKnownFileType = sourcecode.c.h; path = DDEViewController.h; sourceTree = "<group>"; };
		C408D62018769DD60070FC43 /* DDEViewController.m */ = {isa = PBXFileReference; fileEncoding = 4; lastKnownFileType = sourcecode.c.objc; path = DDEViewController.m; sourceTree = "<group>"; };
		C408D62318769DD60070FC43 /* DDEAppDelegate.h */ = {isa = PBXFileReference; fileEncoding = 4; lastKnownFileType = sourcecode.c.h; path = DDEAppDelegate.h; sourceTree = "<group>"; };
		C408D62418769DD60070FC43 /* DDEAppDelegate.m */ = {isa = PBXFileReference; fileEncoding = 4; lastKnownFileType = sourcecode.c.objc; path = DDEAppDelegate.m; sourceTree = "<group>"; };
		C408D62818769DF70070FC43 /* Images.xcassets */ = {isa = PBXFileReference; lastKnownFileType = folder.assetcatalog; path = Images.xcassets; sourceTree = "<group>"; };
		C408D64618769EEB0070FC43 /* ACaslonPro-BoldItalic.otf */ = {isa = PBXFileReference; lastKnownFileType = file; path = "ACaslonPro-BoldItalic.otf"; sourceTree = "<group>"; };
		C408D64718769EEB0070FC43 /* Economica-Bold.otf */ = {isa = PBXFileReference; lastKnownFileType = file; path = "Economica-Bold.otf"; sourceTree = "<group>"; };
		C408D64818769EEB0070FC43 /* Economica-BoldItalic.otf */ = {isa = PBXFileReference; lastKnownFileType = file; path = "Economica-BoldItalic.otf"; sourceTree = "<group>"; };
		C408D64918769EEB0070FC43 /* Economica-Italic.otf */ = {isa = PBXFileReference; lastKnownFileType = file; path = "Economica-Italic.otf"; sourceTree = "<group>"; };
		C408D64A18769EEB0070FC43 /* Economica-Regular.otf */ = {isa = PBXFileReference; lastKnownFileType = file; path = "Economica-Regular.otf"; sourceTree = "<group>"; };
		C408D64D18769EEB0070FC43 /* the_bernie.caf */ = {isa = PBXFileReference; lastKnownFileType = file; path = the_bernie.caf; sourceTree = "<group>"; };
		C408D64F18769EEB0070FC43 /* step1_alice.caf */ = {isa = PBXFileReference; lastKnownFileType = file; path = step1_alice.caf; sourceTree = "<group>"; };
		C408D65018769EEB0070FC43 /* step2_alice.caf */ = {isa = PBXFileReference; lastKnownFileType = file; path = step2_alice.caf; sourceTree = "<group>"; };
		C428898A18769D3C001FFB3A /* DoTheDancing-iPad.app */ = {isa = PBXFileReference; explicitFileType = wrapper.application; includeInIndex = 0; path = "DoTheDancing-iPad.app"; sourceTree = BUILT_PRODUCTS_DIR; };
		C428899118769D3C001FFB3A /* DoTheDancing-External-Info.plist */ = {isa = PBXFileReference; lastKnownFileType = text.plist.xml; path = "DoTheDancing-External-Info.plist"; sourceTree = "<group>"; };
		C428899318769D3C001FFB3A /* en */ = {isa = PBXFileReference; lastKnownFileType = text.plist.strings; name = en; path = en.lproj/InfoPlist.strings; sourceTree = "<group>"; };
		C428899518769D3C001FFB3A /* main.m */ = {isa = PBXFileReference; lastKnownFileType = sourcecode.c.objc; path = main.m; sourceTree = "<group>"; };
		C428899C18769D3C001FFB3A /* Base */ = {isa = PBXFileReference; lastKnownFileType = file.storyboard; name = Base; path = Base.lproj/Main.storyboard; sourceTree = "<group>"; };
		C43706101896450700BF6ECC /* Base */ = {isa = PBXFileReference; lastKnownFileType = file.storyboard; name = Base; path = Base.lproj/Main.storyboard; sourceTree = "<group>"; };
		C43706121896450700BF6ECC /* DDViewController.h */ = {isa = PBXFileReference; fileEncoding = 4; lastKnownFileType = sourcecode.c.h; path = DDViewController.h; sourceTree = "<group>"; };
		C43706131896450700BF6ECC /* DDViewController.m */ = {isa = PBXFileReference; fileEncoding = 4; lastKnownFileType = sourcecode.c.objc; path = DDViewController.m; sourceTree = "<group>"; };
		C43706321896450700BF6ECC /* DDAppDelegate.h */ = {isa = PBXFileReference; fileEncoding = 4; lastKnownFileType = sourcecode.c.h; path = DDAppDelegate.h; sourceTree = "<group>"; };
		C43706331896450700BF6ECC /* DDAppDelegate.m */ = {isa = PBXFileReference; fileEncoding = 4; lastKnownFileType = sourcecode.c.objc; path = DDAppDelegate.m; sourceTree = "<group>"; };
		C43706371896450700BF6ECC /* DoTheDancing-Prefix.pch */ = {isa = PBXFileReference; fileEncoding = 4; lastKnownFileType = sourcecode.c.h; path = "DoTheDancing-Prefix.pch"; sourceTree = "<group>"; };
		C43706391896450700BF6ECC /* en */ = {isa = PBXFileReference; lastKnownFileType = text.plist.strings; name = en; path = en.lproj/InfoPlist.strings; sourceTree = "<group>"; };
		C437063A1896450700BF6ECC /* main.m */ = {isa = PBXFileReference; fileEncoding = 4; lastKnownFileType = sourcecode.c.objc; path = main.m; sourceTree = "<group>"; };
		C437063C1896450700BF6ECC /* Images.xcassets */ = {isa = PBXFileReference; lastKnownFileType = folder.assetcatalog; path = Images.xcassets; sourceTree = "<group>"; };
		C437064E1896467D00BF6ECC /* DoTheDancing-Info.plist */ = {isa = PBXFileReference; fileEncoding = 4; lastKnownFileType = text.plist.xml; path = "DoTheDancing-Info.plist"; sourceTree = "<group>"; };
		C45EE12018769921003DF245 /* DDDanceMove.h */ = {isa = PBXFileReference; fileEncoding = 4; lastKnownFileType = sourcecode.c.h; path = DDDanceMove.h; sourceTree = "<group>"; };
		C45EE12118769921003DF245 /* DDDanceMove.m */ = {isa = PBXFileReference; fileEncoding = 4; lastKnownFileType = sourcecode.c.objc; path = DDDanceMove.m; sourceTree = "<group>"; };
		C45EE12218769921003DF245 /* DDDanceMoveBernie.h */ = {isa = PBXFileReference; fileEncoding = 4; lastKnownFileType = sourcecode.c.h; path = DDDanceMoveBernie.h; sourceTree = "<group>"; };
		C45EE12318769921003DF245 /* DDDanceMoveBernie.m */ = {isa = PBXFileReference; fileEncoding = 4; lastKnownFileType = sourcecode.c.objc; path = DDDanceMoveBernie.m; sourceTree = "<group>"; };
		C45EE12418769921003DF245 /* DDMotionRequirements.h */ = {isa = PBXFileReference; fileEncoding = 4; lastKnownFileType = sourcecode.c.h; path = DDMotionRequirements.h; sourceTree = "<group>"; };
		C45EE12518769921003DF245 /* DDMotionRequirements.m */ = {isa = PBXFileReference; fileEncoding = 4; lastKnownFileType = sourcecode.c.objc; path = DDMotionRequirements.m; sourceTree = "<group>"; };
		C45EE12618769921003DF245 /* SKButton.h */ = {isa = PBXFileReference; fileEncoding = 4; lastKnownFileType = sourcecode.c.h; path = SKButton.h; sourceTree = "<group>"; };
		C45EE12718769921003DF245 /* SKButton.m */ = {isa = PBXFileReference; fileEncoding = 4; lastKnownFileType = sourcecode.c.objc; path = SKButton.m; sourceTree = "<group>"; };
		C45EE12818769921003DF245 /* SKMultilineLabel.h */ = {isa = PBXFileReference; fileEncoding = 4; lastKnownFileType = sourcecode.c.h; path = SKMultilineLabel.h; sourceTree = "<group>"; };
		C45EE12918769921003DF245 /* SKMultilineLabel.m */ = {isa = PBXFileReference; fileEncoding = 4; lastKnownFileType = sourcecode.c.objc; path = SKMultilineLabel.m; sourceTree = "<group>"; };
		C45EE12A18769921003DF245 /* TCProgressTimerForegroundCropNode.h */ = {isa = PBXFileReference; fileEncoding = 4; lastKnownFileType = sourcecode.c.h; path = TCProgressTimerForegroundCropNode.h; sourceTree = "<group>"; };
		C45EE12B18769921003DF245 /* TCProgressTimerForegroundCropNode.m */ = {isa = PBXFileReference; fileEncoding = 4; lastKnownFileType = sourcecode.c.objc; path = TCProgressTimerForegroundCropNode.m; sourceTree = "<group>"; };
		C45EE12C18769921003DF245 /* TCProgressTimerNode.h */ = {isa = PBXFileReference; fileEncoding = 4; lastKnownFileType = sourcecode.c.h; path = TCProgressTimerNode.h; sourceTree = "<group>"; };
		C45EE12D18769921003DF245 /* TCProgressTimerNode.m */ = {isa = PBXFileReference; fileEncoding = 4; lastKnownFileType = sourcecode.c.objc; path = TCProgressTimerNode.m; sourceTree = "<group>"; };
		C478E23118979FD7007B60EC /* DDGameManager.h */ = {isa = PBXFileReference; fileEncoding = 4; lastKnownFileType = sourcecode.c.h; path = DDGameManager.h; sourceTree = "<group>"; };
		C478E23218979FD7007B60EC /* DDGameManager.m */ = {isa = PBXFileReference; fileEncoding = 4; lastKnownFileType = sourcecode.c.objc; path = DDGameManager.m; sourceTree = "<group>"; };
		C478E2351897A070007B60EC /* DDSessionManager.h */ = {isa = PBXFileReference; fileEncoding = 4; lastKnownFileType = sourcecode.c.h; path = DDSessionManager.h; sourceTree = "<group>"; };
		C478E2361897A070007B60EC /* DDSessionManager.m */ = {isa = PBXFileReference; fileEncoding = 4; lastKnownFileType = sourcecode.c.objc; path = DDSessionManager.m; sourceTree = "<group>"; };
		C478E23B1897A187007B60EC /* DDDanceMoveInstructionsScene.h */ = {isa = PBXFileReference; fileEncoding = 4; lastKnownFileType = sourcecode.c.h; path = DDDanceMoveInstructionsScene.h; sourceTree = "<group>"; };
		C478E23C1897A187007B60EC /* DDDanceMoveInstructionsScene.m */ = {isa = PBXFileReference; fileEncoding = 4; lastKnownFileType = sourcecode.c.objc; path = DDDanceMoveInstructionsScene.m; sourceTree = "<group>"; };
		C478E23E1897A187007B60EC /* DDDanceMoveResultsScene.h */ = {isa = PBXFileReference; fileEncoding = 4; lastKnownFileType = sourcecode.c.h; path = DDDanceMoveResultsScene.h; sourceTree = "<group>"; };
		C478E23F1897A187007B60EC /* DDDanceMoveResultsScene.m */ = {isa = PBXFileReference; fileEncoding = 4; lastKnownFileType = sourcecode.c.objc; path = DDDanceMoveResultsScene.m; sourceTree = "<group>"; };
		C478E2411897A187007B60EC /* DDDanceMoveSeeInActionScene.h */ = {isa = PBXFileReference; fileEncoding = 4; lastKnownFileType = sourcecode.c.h; path = DDDanceMoveSeeInActionScene.h; sourceTree = "<group>"; };
		C478E2421897A187007B60EC /* DDDanceMoveSeeInActionScene.m */ = {isa = PBXFileReference; fileEncoding = 4; lastKnownFileType = sourcecode.c.objc; path = DDDanceMoveSeeInActionScene.m; sourceTree = "<group>"; };
		C478E2441897A187007B60EC /* DDDanceMoveSelectionScene.h */ = {isa = PBXFileReference; fileEncoding = 4; lastKnownFileType = sourcecode.c.h; path = DDDanceMoveSelectionScene.h; sourceTree = "<group>"; };
		C478E2451897A187007B60EC /* DDDanceMoveSelectionScene.m */ = {isa = PBXFileReference; fileEncoding = 4; lastKnownFileType = sourcecode.c.objc; path = DDDanceMoveSelectionScene.m; sourceTree = "<group>"; };
		C478E2471897A187007B60EC /* DDDanceMoveTryItOutScene.h */ = {isa = PBXFileReference; fileEncoding = 4; lastKnownFileType = sourcecode.c.h; path = DDDanceMoveTryItOutScene.h; sourceTree = "<group>"; };
		C478E2481897A187007B60EC /* DDDanceMoveTryItOutScene.m */ = {isa = PBXFileReference; fileEncoding = 4; lastKnownFileType = sourcecode.c.objc; path = DDDanceMoveTryItOutScene.m; sourceTree = "<group>"; };
		C478E2591897A1C5007B60EC /* DDEMainMenuScene.h */ = {isa = PBXFileReference; fileEncoding = 4; lastKnownFileType = sourcecode.c.h; path = DDEMainMenuScene.h; sourceTree = "<group>"; };
		C478E25A1897A1C5007B60EC /* DDEMainMenuScene.m */ = {isa = PBXFileReference; fileEncoding = 4; lastKnownFileType = sourcecode.c.objc; path = DDEMainMenuScene.m; sourceTree = "<group>"; };
		C478E25D1897A1D8007B60EC /* DDMainMenuScene.h */ = {isa = PBXFileReference; fileEncoding = 4; lastKnownFileType = sourcecode.c.h; path = DDMainMenuScene.h; sourceTree = "<group>"; };
		C478E25E1897A1D8007B60EC /* DDMainMenuScene.m */ = {isa = PBXFileReference; fileEncoding = 4; lastKnownFileType = sourcecode.c.objc; path = DDMainMenuScene.m; sourceTree = "<group>"; };
		C478E2691897ABF7007B60EC /* DDSearchingForExternalScene.h */ = {isa = PBXFileReference; fileEncoding = 4; lastKnownFileType = sourcecode.c.h; path = DDSearchingForExternalScene.h; sourceTree = "<group>"; };
		C478E26A1897ABF7007B60EC /* DDSearchingForExternalScene.m */ = {isa = PBXFileReference; fileEncoding = 4; lastKnownFileType = sourcecode.c.objc; path = DDSearchingForExternalScene.m; sourceTree = "<group>"; };
		C478E26D1897ABFD007B60EC /* DDConnectedToExternalScene.h */ = {isa = PBXFileReference; fileEncoding = 4; lastKnownFileType = sourcecode.c.h; path = DDConnectedToExternalScene.h; sourceTree = "<group>"; };
		C478E26E1897ABFD007B60EC /* DDConnectedToExternalScene.m */ = {isa = PBXFileReference; fileEncoding = 4; lastKnownFileType = sourcecode.c.objc; path = DDConnectedToExternalScene.m; sourceTree = "<group>"; };
		C478E2711897AC31007B60EC /* DDESearchingForControllerScene.h */ = {isa = PBXFileReference; fileEncoding = 4; lastKnownFileType = sourcecode.c.h; path = DDESearchingForControllerScene.h; sourceTree = "<group>"; };
		C478E2721897AC31007B60EC /* DDESearchingForControllerScene.m */ = {isa = PBXFileReference; fileEncoding = 4; lastKnownFileType = sourcecode.c.objc; path = DDESearchingForControllerScene.m; sourceTree = "<group>"; };
		C478E2751897AC37007B60EC /* DDEConnectedToControllerScene.h */ = {isa = PBXFileReference; fileEncoding = 4; lastKnownFileType = sourcecode.c.h; path = DDEConnectedToControllerScene.h; sourceTree = "<group>"; };
		C478E2761897AC37007B60EC /* DDEConnectedToControllerScene.m */ = {isa = PBXFileReference; fileEncoding = 4; lastKnownFileType = sourcecode.c.objc; path = DDEConnectedToControllerScene.m; sourceTree = "<group>"; };
		C48DB4CC189104CF00D6D988 /* MultipeerConnectivity.framework */ = {isa = PBXFileReference; lastKnownFileType = wrapper.framework; name = MultipeerConnectivity.framework; path = System/Library/Frameworks/MultipeerConnectivity.framework; sourceTree = SDKROOT; };
		C48DB4DB18910A5600D6D988 /* DDConstants.h */ = {isa = PBXFileReference; fileEncoding = 4; lastKnownFileType = sourcecode.c.h; path = DDConstants.h; sourceTree = "<group>"; };
		C48DB4DC18910A6800D6D988 /* DoTheDancing-External-Prefix.pch */ = {isa = PBXFileReference; fileEncoding = 4; lastKnownFileType = sourcecode.c.h; path = "DoTheDancing-External-Prefix.pch"; sourceTree = "<group>"; };
		C48DB4DD18910BB200D6D988 /* AVFoundation.framework */ = {isa = PBXFileReference; lastKnownFileType = wrapper.framework; name = AVFoundation.framework; path = System/Library/Frameworks/AVFoundation.framework; sourceTree = SDKROOT; };
		C4933676185453010027C38C /* DoTheDancing.app */ = {isa = PBXFileReference; explicitFileType = wrapper.application; includeInIndex = 0; path = DoTheDancing.app; sourceTree = BUILT_PRODUCTS_DIR; };
		C4933679185453010027C38C /* Foundation.framework */ = {isa = PBXFileReference; lastKnownFileType = wrapper.framework; name = Foundation.framework; path = System/Library/Frameworks/Foundation.framework; sourceTree = SDKROOT; };
		C493367B185453010027C38C /* CoreGraphics.framework */ = {isa = PBXFileReference; lastKnownFileType = wrapper.framework; name = CoreGraphics.framework; path = System/Library/Frameworks/CoreGraphics.framework; sourceTree = SDKROOT; };
		C493367D185453010027C38C /* UIKit.framework */ = {isa = PBXFileReference; lastKnownFileType = wrapper.framework; name = UIKit.framework; path = System/Library/Frameworks/UIKit.framework; sourceTree = SDKROOT; };
		C493367F185453010027C38C /* SpriteKit.framework */ = {isa = PBXFileReference; lastKnownFileType = wrapper.framework; name = SpriteKit.framework; path = System/Library/Frameworks/SpriteKit.framework; sourceTree = SDKROOT; };
		C493369F185453010027C38C /* XCTest.framework */ = {isa = PBXFileReference; lastKnownFileType = wrapper.framework; name = XCTest.framework; path = Library/Frameworks/XCTest.framework; sourceTree = DEVELOPER_DIR; };
		C4AE2FE61894CD6A00D23E30 /* DDPacket.h */ = {isa = PBXFileReference; fileEncoding = 4; lastKnownFileType = sourcecode.c.h; path = DDPacket.h; sourceTree = "<group>"; };
		C4AE2FE71894CD6A00D23E30 /* DDPacket.m */ = {isa = PBXFileReference; fileEncoding = 4; lastKnownFileType = sourcecode.c.objc; path = DDPacket.m; sourceTree = "<group>"; };
		C4AE2FEB1894CDB900D23E30 /* NSData+Networking.h */ = {isa = PBXFileReference; fileEncoding = 4; lastKnownFileType = sourcecode.c.h; path = "NSData+Networking.h"; sourceTree = "<group>"; };
		C4AE2FEC1894CDB900D23E30 /* NSData+Networking.m */ = {isa = PBXFileReference; fileEncoding = 4; lastKnownFileType = sourcecode.c.objc; path = "NSData+Networking.m"; sourceTree = "<group>"; };
		C4AE2FEF1894D20500D23E30 /* DDPacketStartDanceMoveDance.h */ = {isa = PBXFileReference; fileEncoding = 4; lastKnownFileType = sourcecode.c.h; path = DDPacketStartDanceMoveDance.h; sourceTree = "<group>"; };
		C4AE2FF01894D20500D23E30 /* DDPacketStartDanceMoveDance.m */ = {isa = PBXFileReference; fileEncoding = 4; lastKnownFileType = sourcecode.c.objc; path = DDPacketStartDanceMoveDance.m; sourceTree = "<group>"; };
		C4EC61B6188FA4CF00DF4F20 /* MobileCoreServices.framework */ = {isa = PBXFileReference; lastKnownFileType = wrapper.framework; name = MobileCoreServices.framework; path = System/Library/Frameworks/MobileCoreServices.framework; sourceTree = SDKROOT; };
		C4EC61B8188FA4D700DF4F20 /* MediaPlayer.framework */ = {isa = PBXFileReference; lastKnownFileType = wrapper.framework; name = MediaPlayer.framework; path = System/Library/Frameworks/MediaPlayer.framework; sourceTree = SDKROOT; };
		C4EC61BA188FA4DD00DF4F20 /* CoreMedia.framework */ = {isa = PBXFileReference; lastKnownFileType = wrapper.framework; name = CoreMedia.framework; path = System/Library/Frameworks/CoreMedia.framework; sourceTree = SDKROOT; };
		C4EC61BC188FA4EA00DF4F20 /* GameKit.framework */ = {isa = PBXFileReference; lastKnownFileType = wrapper.framework; name = GameKit.framework; path = System/Library/Frameworks/GameKit.framework; sourceTree = SDKROOT; };
/* End PBXFileReference section */

/* Begin PBXFrameworksBuildPhase section */
		C428898718769D3C001FFB3A /* Frameworks */ = {
			isa = PBXFrameworksBuildPhase;
			buildActionMask = 2147483647;
			files = (
				C48DB4DF18910BB800D6D988 /* AVFoundation.framework in Frameworks */,
				C48DB4CE189104D600D6D988 /* MultipeerConnectivity.framework in Frameworks */,
				C428898C18769D3C001FFB3A /* CoreGraphics.framework in Frameworks */,
				C428898D18769D3C001FFB3A /* UIKit.framework in Frameworks */,
				C428898E18769D3C001FFB3A /* SpriteKit.framework in Frameworks */,
				C428898B18769D3C001FFB3A /* Foundation.framework in Frameworks */,
			);
			runOnlyForDeploymentPostprocessing = 0;
		};
		C4933673185453010027C38C /* Frameworks */ = {
			isa = PBXFrameworksBuildPhase;
			buildActionMask = 2147483647;
			files = (
				C48DB4DE18910BB200D6D988 /* AVFoundation.framework in Frameworks */,
				C48DB4CD189104CF00D6D988 /* MultipeerConnectivity.framework in Frameworks */,
				C493367C185453010027C38C /* CoreGraphics.framework in Frameworks */,
				C493367E185453010027C38C /* UIKit.framework in Frameworks */,
				C4933680185453010027C38C /* SpriteKit.framework in Frameworks */,
				C493367A185453010027C38C /* Foundation.framework in Frameworks */,
			);
			runOnlyForDeploymentPostprocessing = 0;
		};
/* End PBXFrameworksBuildPhase section */

/* Begin PBXGroup section */
		C408D61E18769DD60070FC43 /* Classes */ = {
			isa = PBXGroup;
			children = (
				C408D61F18769DD60070FC43 /* DDEViewController.h */,
				C408D62018769DD60070FC43 /* DDEViewController.m */,
				C408D62118769DD60070FC43 /* Scenes */,
				C408D62218769DD60070FC43 /* Singletons */,
			);
			path = Classes;
			sourceTree = "<group>";
		};
		C408D62118769DD60070FC43 /* Scenes */ = {
			isa = PBXGroup;
			children = (
				C478E2581897A1C5007B60EC /* MainMenu */,
				C478E2701897AC31007B60EC /* SearchingForController */,
				C478E2741897AC37007B60EC /* ConnectedToController */,
			);
			path = Scenes;
			sourceTree = "<group>";
		};
		C408D62218769DD60070FC43 /* Singletons */ = {
			isa = PBXGroup;
			children = (
				C408D62318769DD60070FC43 /* DDEAppDelegate.h */,
				C408D62418769DD60070FC43 /* DDEAppDelegate.m */,
			);
			path = Singletons;
			sourceTree = "<group>";
		};
		C408D62718769DF70070FC43 /* Resources */ = {
			isa = PBXGroup;
			children = (
				C408D62818769DF70070FC43 /* Images.xcassets */,
			);
			path = Resources;
			sourceTree = "<group>";
		};
		C408D64418769EEB0070FC43 /* Resources */ = {
			isa = PBXGroup;
			children = (
				C408D64518769EEB0070FC43 /* Fonts */,
				C408D64B18769EEB0070FC43 /* Sounds */,
			);
			path = Resources;
			sourceTree = "<group>";
		};
		C408D64518769EEB0070FC43 /* Fonts */ = {
			isa = PBXGroup;
			children = (
				C408D64618769EEB0070FC43 /* ACaslonPro-BoldItalic.otf */,
				C408D64718769EEB0070FC43 /* Economica-Bold.otf */,
				C408D64818769EEB0070FC43 /* Economica-BoldItalic.otf */,
				C408D64918769EEB0070FC43 /* Economica-Italic.otf */,
				C408D64A18769EEB0070FC43 /* Economica-Regular.otf */,
			);
			path = Fonts;
			sourceTree = "<group>";
		};
		C408D64B18769EEB0070FC43 /* Sounds */ = {
			isa = PBXGroup;
			children = (
				C408D64C18769EEB0070FC43 /* Music */,
				C408D64E18769EEB0070FC43 /* SFX */,
			);
			path = Sounds;
			sourceTree = "<group>";
		};
		C408D64C18769EEB0070FC43 /* Music */ = {
			isa = PBXGroup;
			children = (
				C408D64D18769EEB0070FC43 /* the_bernie.caf */,
			);
			path = Music;
			sourceTree = "<group>";
		};
		C408D64E18769EEB0070FC43 /* SFX */ = {
			isa = PBXGroup;
			children = (
				C408D64F18769EEB0070FC43 /* step1_alice.caf */,
				C408D65018769EEB0070FC43 /* step2_alice.caf */,
			);
			path = SFX;
			sourceTree = "<group>";
		};
		C428898F18769D3C001FFB3A /* DoTheDancing-External */ = {
			isa = PBXGroup;
			children = (
				C428899B18769D3C001FFB3A /* Main.storyboard */,
				C408D61E18769DD60070FC43 /* Classes */,
				C408D62718769DF70070FC43 /* Resources */,
				C428899018769D3C001FFB3A /* Supporting Files */,
			);
			path = "DoTheDancing-External";
			sourceTree = "<group>";
		};
		C428899018769D3C001FFB3A /* Supporting Files */ = {
			isa = PBXGroup;
			children = (
				C48DB4DC18910A6800D6D988 /* DoTheDancing-External-Prefix.pch */,
				C428899118769D3C001FFB3A /* DoTheDancing-External-Info.plist */,
				C428899218769D3C001FFB3A /* InfoPlist.strings */,
				C428899518769D3C001FFB3A /* main.m */,
			);
			name = "Supporting Files";
			sourceTree = "<group>";
		};
		C437060E1896450700BF6ECC /* DoTheDancing */ = {
			isa = PBXGroup;
			children = (
				C437060F1896450700BF6ECC /* Main.storyboard */,
				C43706111896450700BF6ECC /* Classes */,
				C437064E1896467D00BF6ECC /* DoTheDancing-Info.plist */,
				C43706371896450700BF6ECC /* DoTheDancing-Prefix.pch */,
				C43706381896450700BF6ECC /* InfoPlist.strings */,
				C437063A1896450700BF6ECC /* main.m */,
				C437063B1896450700BF6ECC /* Resources */,
			);
			path = DoTheDancing;
			sourceTree = "<group>";
		};
		C43706111896450700BF6ECC /* Classes */ = {
			isa = PBXGroup;
			children = (
				C43706121896450700BF6ECC /* DDViewController.h */,
				C43706131896450700BF6ECC /* DDViewController.m */,
				C43706171896450700BF6ECC /* Scenes */,
				C43706311896450700BF6ECC /* Singletons */,
			);
			path = Classes;
			sourceTree = "<group>";
		};
		C43706171896450700BF6ECC /* Scenes */ = {
			isa = PBXGroup;
			children = (
				C478E25C1897A1D8007B60EC /* MainMenu */,
				C478E2681897ABF7007B60EC /* SearchingForExternal */,
				C478E26C1897ABFD007B60EC /* ConnectedToExternal */,
			);
			path = Scenes;
			sourceTree = "<group>";
		};
		C43706311896450700BF6ECC /* Singletons */ = {
			isa = PBXGroup;
			children = (
				C43706321896450700BF6ECC /* DDAppDelegate.h */,
				C43706331896450700BF6ECC /* DDAppDelegate.m */,
			);
			path = Singletons;
			sourceTree = "<group>";
		};
		C437063B1896450700BF6ECC /* Resources */ = {
			isa = PBXGroup;
			children = (
				C437063C1896450700BF6ECC /* Images.xcassets */,
			);
			path = Resources;
			sourceTree = "<group>";
		};
		C45EE11D18769921003DF245 /* Shared */ = {
			isa = PBXGroup;
			children = (
				C45EE11E18769921003DF245 /* Classes */,
				C408D64418769EEB0070FC43 /* Resources */,
				C48DB4DB18910A5600D6D988 /* DDConstants.h */,
			);
			path = Shared;
			sourceTree = "<group>";
		};
		C45EE11E18769921003DF245 /* Classes */ = {
			isa = PBXGroup;
			children = (
				C478E2391897A187007B60EC /* Scenes */,
				C45EE11F18769921003DF245 /* DanceMoves */,
				C4AE2FE51894CD4000D23E30 /* Networking */,
				C4AE2FEA1894CD8800D23E30 /* Categories */,
				C478E23018979FD7007B60EC /* Singletons */,
				C45EE12618769921003DF245 /* SKButton.h */,
				C45EE12718769921003DF245 /* SKButton.m */,
				C45EE12818769921003DF245 /* SKMultilineLabel.h */,
				C45EE12918769921003DF245 /* SKMultilineLabel.m */,
				C45EE12A18769921003DF245 /* TCProgressTimerForegroundCropNode.h */,
				C45EE12B18769921003DF245 /* TCProgressTimerForegroundCropNode.m */,
				C45EE12C18769921003DF245 /* TCProgressTimerNode.h */,
				C45EE12D18769921003DF245 /* TCProgressTimerNode.m */,
			);
			path = Classes;
			sourceTree = "<group>";
		};
		C45EE11F18769921003DF245 /* DanceMoves */ = {
			isa = PBXGroup;
			children = (
				C45EE12018769921003DF245 /* DDDanceMove.h */,
				C45EE12118769921003DF245 /* DDDanceMove.m */,
				C45EE12218769921003DF245 /* DDDanceMoveBernie.h */,
				C45EE12318769921003DF245 /* DDDanceMoveBernie.m */,
				C45EE12418769921003DF245 /* DDMotionRequirements.h */,
				C45EE12518769921003DF245 /* DDMotionRequirements.m */,
			);
			path = DanceMoves;
			sourceTree = "<group>";
		};
		C478E23018979FD7007B60EC /* Singletons */ = {
			isa = PBXGroup;
			children = (
				C478E23118979FD7007B60EC /* DDGameManager.h */,
				C478E23218979FD7007B60EC /* DDGameManager.m */,
			);
			path = Singletons;
			sourceTree = "<group>";
		};
		C478E2391897A187007B60EC /* Scenes */ = {
			isa = PBXGroup;
			children = (
				C478E2431897A187007B60EC /* DanceMoveSelection */,
				C478E23A1897A187007B60EC /* DanceMoveInstructions */,
				C478E2401897A187007B60EC /* DanceMoveSeeInAction */,
				C478E2461897A187007B60EC /* DanceMoveTryItOut */,
				C478E23D1897A187007B60EC /* DanceMoveResults */,
			);
			path = Scenes;
			sourceTree = "<group>";
		};
		C478E23A1897A187007B60EC /* DanceMoveInstructions */ = {
			isa = PBXGroup;
			children = (
				C478E23B1897A187007B60EC /* DDDanceMoveInstructionsScene.h */,
				C478E23C1897A187007B60EC /* DDDanceMoveInstructionsScene.m */,
			);
			path = DanceMoveInstructions;
			sourceTree = "<group>";
		};
		C478E23D1897A187007B60EC /* DanceMoveResults */ = {
			isa = PBXGroup;
			children = (
				C478E23E1897A187007B60EC /* DDDanceMoveResultsScene.h */,
				C478E23F1897A187007B60EC /* DDDanceMoveResultsScene.m */,
			);
			path = DanceMoveResults;
			sourceTree = "<group>";
		};
		C478E2401897A187007B60EC /* DanceMoveSeeInAction */ = {
			isa = PBXGroup;
			children = (
				C478E2411897A187007B60EC /* DDDanceMoveSeeInActionScene.h */,
				C478E2421897A187007B60EC /* DDDanceMoveSeeInActionScene.m */,
			);
			path = DanceMoveSeeInAction;
			sourceTree = "<group>";
		};
		C478E2431897A187007B60EC /* DanceMoveSelection */ = {
			isa = PBXGroup;
			children = (
				C478E2441897A187007B60EC /* DDDanceMoveSelectionScene.h */,
				C478E2451897A187007B60EC /* DDDanceMoveSelectionScene.m */,
			);
			path = DanceMoveSelection;
			sourceTree = "<group>";
		};
		C478E2461897A187007B60EC /* DanceMoveTryItOut */ = {
			isa = PBXGroup;
			children = (
				C478E2471897A187007B60EC /* DDDanceMoveTryItOutScene.h */,
				C478E2481897A187007B60EC /* DDDanceMoveTryItOutScene.m */,
			);
			path = DanceMoveTryItOut;
			sourceTree = "<group>";
		};
		C478E2581897A1C5007B60EC /* MainMenu */ = {
			isa = PBXGroup;
			children = (
				C478E2591897A1C5007B60EC /* DDEMainMenuScene.h */,
				C478E25A1897A1C5007B60EC /* DDEMainMenuScene.m */,
			);
			path = MainMenu;
			sourceTree = "<group>";
		};
		C478E25C1897A1D8007B60EC /* MainMenu */ = {
			isa = PBXGroup;
			children = (
				C478E25D1897A1D8007B60EC /* DDMainMenuScene.h */,
				C478E25E1897A1D8007B60EC /* DDMainMenuScene.m */,
			);
			path = MainMenu;
			sourceTree = "<group>";
		};
		C478E2681897ABF7007B60EC /* SearchingForExternal */ = {
			isa = PBXGroup;
			children = (
				C478E2691897ABF7007B60EC /* DDSearchingForExternalScene.h */,
				C478E26A1897ABF7007B60EC /* DDSearchingForExternalScene.m */,
			);
			path = SearchingForExternal;
			sourceTree = "<group>";
		};
		C478E26C1897ABFD007B60EC /* ConnectedToExternal */ = {
			isa = PBXGroup;
			children = (
				C478E26D1897ABFD007B60EC /* DDConnectedToExternalScene.h */,
				C478E26E1897ABFD007B60EC /* DDConnectedToExternalScene.m */,
			);
			path = ConnectedToExternal;
			sourceTree = "<group>";
		};
		C478E2701897AC31007B60EC /* SearchingForController */ = {
			isa = PBXGroup;
			children = (
				C478E2711897AC31007B60EC /* DDESearchingForControllerScene.h */,
				C478E2721897AC31007B60EC /* DDESearchingForControllerScene.m */,
			);
			path = SearchingForController;
			sourceTree = "<group>";
		};
		C478E2741897AC37007B60EC /* ConnectedToController */ = {
			isa = PBXGroup;
			children = (
				C478E2751897AC37007B60EC /* DDEConnectedToControllerScene.h */,
				C478E2761897AC37007B60EC /* DDEConnectedToControllerScene.m */,
			);
			path = ConnectedToController;
			sourceTree = "<group>";
		};
		C493366D185453010027C38C = {
			isa = PBXGroup;
			children = (
				C45EE11D18769921003DF245 /* Shared */,
				C437060E1896450700BF6ECC /* DoTheDancing */,
				C428898F18769D3C001FFB3A /* DoTheDancing-External */,
				C4933678185453010027C38C /* Frameworks */,
				C4933677185453010027C38C /* Products */,
			);
			sourceTree = "<group>";
		};
		C4933677185453010027C38C /* Products */ = {
			isa = PBXGroup;
			children = (
				C4933676185453010027C38C /* DoTheDancing.app */,
				C428898A18769D3C001FFB3A /* DoTheDancing-iPad.app */,
			);
			name = Products;
			sourceTree = "<group>";
		};
		C4933678185453010027C38C /* Frameworks */ = {
			isa = PBXGroup;
			children = (
				C48DB4DD18910BB200D6D988 /* AVFoundation.framework */,
				C48DB4CC189104CF00D6D988 /* MultipeerConnectivity.framework */,
				C4EC61BC188FA4EA00DF4F20 /* GameKit.framework */,
				C4EC61BA188FA4DD00DF4F20 /* CoreMedia.framework */,
				C4EC61B8188FA4D700DF4F20 /* MediaPlayer.framework */,
				C4EC61B6188FA4CF00DF4F20 /* MobileCoreServices.framework */,
				C4933679185453010027C38C /* Foundation.framework */,
				C493367B185453010027C38C /* CoreGraphics.framework */,
				C493367D185453010027C38C /* UIKit.framework */,
				C493367F185453010027C38C /* SpriteKit.framework */,
				C493369F185453010027C38C /* XCTest.framework */,
			);
			name = Frameworks;
			sourceTree = "<group>";
		};
		C4AE2FE51894CD4000D23E30 /* Networking */ = {
			isa = PBXGroup;
			children = (
				C478E2351897A070007B60EC /* DDSessionManager.h */,
				C478E2361897A070007B60EC /* DDSessionManager.m */,
				C4AE2FE61894CD6A00D23E30 /* DDPacket.h */,
				C4AE2FE71894CD6A00D23E30 /* DDPacket.m */,
				C4AE2FEF1894D20500D23E30 /* DDPacketStartDanceMoveDance.h */,
				C4AE2FF01894D20500D23E30 /* DDPacketStartDanceMoveDance.m */,
			);
			path = Networking;
			sourceTree = "<group>";
		};
		C4AE2FEA1894CD8800D23E30 /* Categories */ = {
			isa = PBXGroup;
			children = (
				C4AE2FEB1894CDB900D23E30 /* NSData+Networking.h */,
				C4AE2FEC1894CDB900D23E30 /* NSData+Networking.m */,
			);
			path = Categories;
			sourceTree = "<group>";
		};
/* End PBXGroup section */

/* Begin PBXNativeTarget section */
		C428898918769D3C001FFB3A /* DoTheDancing-External */ = {
			isa = PBXNativeTarget;
			buildConfigurationList = C42889BA18769D3D001FFB3A /* Build configuration list for PBXNativeTarget "DoTheDancing-External" */;
			buildPhases = (
				C428898618769D3C001FFB3A /* Sources */,
				C428898718769D3C001FFB3A /* Frameworks */,
				C428898818769D3C001FFB3A /* Resources */,
			);
			buildRules = (
			);
			dependencies = (
			);
			name = "DoTheDancing-External";
			productName = "DoTheDancing-SpriteKit-iPad";
			productReference = C428898A18769D3C001FFB3A /* DoTheDancing-iPad.app */;
			productType = "com.apple.product-type.application";
		};
		C4933675185453010027C38C /* DoTheDancing */ = {
			isa = PBXNativeTarget;
			buildConfigurationList = C49336AF185453010027C38C /* Build configuration list for PBXNativeTarget "DoTheDancing" */;
			buildPhases = (
				C4933672185453010027C38C /* Sources */,
				C4933673185453010027C38C /* Frameworks */,
				C4933674185453010027C38C /* Resources */,
			);
			buildRules = (
			);
			dependencies = (
			);
			name = DoTheDancing;
			productName = "DoTheDancing-SpriteKit";
			productReference = C4933676185453010027C38C /* DoTheDancing.app */;
			productType = "com.apple.product-type.application";
		};
/* End PBXNativeTarget section */

/* Begin PBXProject section */
		C493366E185453010027C38C /* Project object */ = {
			isa = PBXProject;
			attributes = {
				CLASSPREFIX = DD;
				LastUpgradeCheck = 0500;
				ORGANIZATIONNAME = "Chin and Cheeks LLC";
				TargetAttributes = {
					C428898918769D3C001FFB3A = {
						DevelopmentTeam = 7MDA67429Z;
					};
					C4933675185453010027C38C = {
						DevelopmentTeam = 7MDA67429Z;
					};
				};
			};
			buildConfigurationList = C4933671185453010027C38C /* Build configuration list for PBXProject "DoTheDancing" */;
			compatibilityVersion = "Xcode 3.2";
			developmentRegion = English;
			hasScannedForEncodings = 0;
			knownRegions = (
				en,
				Base,
			);
			mainGroup = C493366D185453010027C38C;
			productRefGroup = C4933677185453010027C38C /* Products */;
			projectDirPath = "";
			projectRoot = "";
			targets = (
				C4933675185453010027C38C /* DoTheDancing */,
				C428898918769D3C001FFB3A /* DoTheDancing-External */,
			);
		};
/* End PBXProject section */

/* Begin PBXResourcesBuildPhase section */
		C428898818769D3C001FFB3A /* Resources */ = {
			isa = PBXResourcesBuildPhase;
			buildActionMask = 2147483647;
			files = (
				C408D65218769EEB0070FC43 /* ACaslonPro-BoldItalic.otf in Resources */,
				C408D66018769EEB0070FC43 /* step2_alice.caf in Resources */,
				C408D65E18769EEB0070FC43 /* step1_alice.caf in Resources */,
				C408D65818769EEB0070FC43 /* Economica-Italic.otf in Resources */,
				C408D65418769EEB0070FC43 /* Economica-Bold.otf in Resources */,
				C408D65A18769EEB0070FC43 /* Economica-Regular.otf in Resources */,
				C408D65618769EEB0070FC43 /* Economica-BoldItalic.otf in Resources */,
				C408D62918769DF70070FC43 /* Images.xcassets in Resources */,
				C408D65C18769EEB0070FC43 /* the_bernie.caf in Resources */,
				C428899418769D3C001FFB3A /* InfoPlist.strings in Resources */,
				C428899D18769D3C001FFB3A /* Main.storyboard in Resources */,
			);
			runOnlyForDeploymentPostprocessing = 0;
		};
		C4933674185453010027C38C /* Resources */ = {
			isa = PBXResourcesBuildPhase;
			buildActionMask = 2147483647;
			files = (
				C408D65518769EEB0070FC43 /* Economica-BoldItalic.otf in Resources */,
				C408D65B18769EEB0070FC43 /* the_bernie.caf in Resources */,
				C408D65F18769EEB0070FC43 /* step2_alice.caf in Resources */,
				C408D65918769EEB0070FC43 /* Economica-Regular.otf in Resources */,
				C408D65D18769EEB0070FC43 /* step1_alice.caf in Resources */,
				C408D65718769EEB0070FC43 /* Economica-Italic.otf in Resources */,
				C437063D1896450700BF6ECC /* Main.storyboard in Resources */,
				C408D65318769EEB0070FC43 /* Economica-Bold.otf in Resources */,
				C437064D1896450700BF6ECC /* Images.xcassets in Resources */,
				C437064B1896450700BF6ECC /* InfoPlist.strings in Resources */,
				C408D65118769EEB0070FC43 /* ACaslonPro-BoldItalic.otf in Resources */,
			);
			runOnlyForDeploymentPostprocessing = 0;
		};
/* End PBXResourcesBuildPhase section */

/* Begin PBXSourcesBuildPhase section */
		C428898618769D3C001FFB3A /* Sources */ = {
			isa = PBXSourcesBuildPhase;
			buildActionMask = 2147483647;
			files = (
				C478E2731897AC31007B60EC /* DDESearchingForControllerScene.m in Sources */,
				C408D62D18769E610070FC43 /* DDDanceMove.m in Sources */,
				C408D62F18769E610070FC43 /* DDDanceMoveBernie.m in Sources */,
				C478E25B1897A1C5007B60EC /* DDEMainMenuScene.m in Sources */,
				C408D63118769E610070FC43 /* DDMotionRequirements.m in Sources */,
				C478E2381897A070007B60EC /* DDSessionManager.m in Sources */,
				C478E2531897A187007B60EC /* DDDanceMoveSelectionScene.m in Sources */,
				C408D63318769E610070FC43 /* SKButton.m in Sources */,
				C478E24F1897A187007B60EC /* DDDanceMoveResultsScene.m in Sources */,
				C408D63518769E610070FC43 /* SKMultilineLabel.m in Sources */,
				C408D63718769E610070FC43 /* TCProgressTimerForegroundCropNode.m in Sources */,
				C478E24D1897A187007B60EC /* DDDanceMoveInstructionsScene.m in Sources */,
				C478E2511897A187007B60EC /* DDDanceMoveSeeInActionScene.m in Sources */,
				C478E2551897A187007B60EC /* DDDanceMoveTryItOutScene.m in Sources */,
				C478E2771897AC37007B60EC /* DDEConnectedToControllerScene.m in Sources */,
				C478E23418979FD7007B60EC /* DDGameManager.m in Sources */,
				C4AE2FF21894D20500D23E30 /* DDPacketStartDanceMoveDance.m in Sources */,
				C408D63918769E610070FC43 /* TCProgressTimerNode.m in Sources */,
				C4AE2FE91894CD6A00D23E30 /* DDPacket.m in Sources */,
				C4AE2FEE1894CDB900D23E30 /* NSData+Networking.m in Sources */,
				C428899618769D3C001FFB3A /* main.m in Sources */,
				C408D62518769DD60070FC43 /* DDEViewController.m in Sources */,
				C408D62618769DD60070FC43 /* DDEAppDelegate.m in Sources */,
			);
			runOnlyForDeploymentPostprocessing = 0;
		};
		C4933672185453010027C38C /* Sources */ = {
			isa = PBXSourcesBuildPhase;
			buildActionMask = 2147483647;
			files = (
				C45EE13E18769921003DF245 /* TCProgressTimerForegroundCropNode.m in Sources */,
				C45EE13818769921003DF245 /* DDMotionRequirements.m in Sources */,
				C45EE13418769921003DF245 /* DDDanceMove.m in Sources */,
				C478E26F1897ABFD007B60EC /* DDConnectedToExternalScene.m in Sources */,
				C478E23318979FD7007B60EC /* DDGameManager.m in Sources */,
				C45EE13C18769921003DF245 /* SKMultilineLabel.m in Sources */,
				C437064C1896450700BF6ECC /* main.m in Sources */,
				C45EE14018769921003DF245 /* TCProgressTimerNode.m in Sources */,
				C437063E1896450700BF6ECC /* DDViewController.m in Sources */,
				C478E24E1897A187007B60EC /* DDDanceMoveResultsScene.m in Sources */,
				C478E2521897A187007B60EC /* DDDanceMoveSelectionScene.m in Sources */,
				C478E26B1897ABF7007B60EC /* DDSearchingForExternalScene.m in Sources */,
				C478E25F1897A1D8007B60EC /* DDMainMenuScene.m in Sources */,
				C4AE2FED1894CDB900D23E30 /* NSData+Networking.m in Sources */,
				C45EE13618769921003DF245 /* DDDanceMoveBernie.m in Sources */,
				C478E24C1897A187007B60EC /* DDDanceMoveInstructionsScene.m in Sources */,
				C4AE2FE81894CD6A00D23E30 /* DDPacket.m in Sources */,
				C45EE13A18769921003DF245 /* SKButton.m in Sources */,
				C4AE2FF11894D20500D23E30 /* DDPacketStartDanceMoveDance.m in Sources */,
				C478E2371897A070007B60EC /* DDSessionManager.m in Sources */,
				C478E2501897A187007B60EC /* DDDanceMoveSeeInActionScene.m in Sources */,
				C43706481896450700BF6ECC /* DDAppDelegate.m in Sources */,
				C478E2541897A187007B60EC /* DDDanceMoveTryItOutScene.m in Sources */,
			);
			runOnlyForDeploymentPostprocessing = 0;
		};
/* End PBXSourcesBuildPhase section */

/* Begin PBXVariantGroup section */
		C428899218769D3C001FFB3A /* InfoPlist.strings */ = {
			isa = PBXVariantGroup;
			children = (
				C428899318769D3C001FFB3A /* en */,
			);
			name = InfoPlist.strings;
			sourceTree = "<group>";
		};
		C428899B18769D3C001FFB3A /* Main.storyboard */ = {
			isa = PBXVariantGroup;
			children = (
				C428899C18769D3C001FFB3A /* Base */,
			);
			name = Main.storyboard;
			sourceTree = "<group>";
		};
		C437060F1896450700BF6ECC /* Main.storyboard */ = {
			isa = PBXVariantGroup;
			children = (
				C43706101896450700BF6ECC /* Base */,
			);
			name = Main.storyboard;
			sourceTree = "<group>";
		};
		C43706381896450700BF6ECC /* InfoPlist.strings */ = {
			isa = PBXVariantGroup;
			children = (
				C43706391896450700BF6ECC /* en */,
			);
			name = InfoPlist.strings;
			sourceTree = "<group>";
		};
/* End PBXVariantGroup section */

/* Begin XCBuildConfiguration section */
		C42889BB18769D3D001FFB3A /* Debug */ = {
			isa = XCBuildConfiguration;
			buildSettings = {
				ARCHS = "$(ARCHS_STANDARD_INCLUDING_64_BIT)";
				ASSETCATALOG_COMPILER_APPICON_NAME = AppIcon;
				ASSETCATALOG_COMPILER_LAUNCHIMAGE_NAME = LaunchImage;
				CODE_SIGN_IDENTITY = "iPhone Developer";
				GCC_PRECOMPILE_PREFIX_HEADER = YES;
				GCC_PREFIX_HEADER = "DoTheDancing-External/DoTheDancing-External-Prefix.pch";
				GCC_PREPROCESSOR_DEFINITIONS = (
					"DEBUG=1",
					"$(inherited)",
				);
				INFOPLIST_FILE = "DoTheDancing-External/DoTheDancing-External-Info.plist";
				OTHER_CFLAGS = "-DEXTERNAL";
				PRODUCT_NAME = "DoTheDancing-iPad";
				SPRITEKIT_TEXTURE_ATLAS_OUTPUT = YES;
				TARGETED_DEVICE_FAMILY = 2;
				WRAPPER_EXTENSION = app;
			};
			name = Debug;
		};
		C42889BC18769D3D001FFB3A /* Release */ = {
			isa = XCBuildConfiguration;
			buildSettings = {
				ARCHS = "$(ARCHS_STANDARD_INCLUDING_64_BIT)";
				ASSETCATALOG_COMPILER_APPICON_NAME = AppIcon;
				ASSETCATALOG_COMPILER_LAUNCHIMAGE_NAME = LaunchImage;
				CODE_SIGN_IDENTITY = "iPhone Developer";
				GCC_PRECOMPILE_PREFIX_HEADER = YES;
				GCC_PREFIX_HEADER = "DoTheDancing-External/DoTheDancing-External-Prefix.pch";
				INFOPLIST_FILE = "DoTheDancing-External/DoTheDancing-External-Info.plist";
				OTHER_CFLAGS = "-DEXTERNAL";
				PRODUCT_NAME = "DoTheDancing-iPad";
				SPRITEKIT_TEXTURE_ATLAS_OUTPUT = YES;
				TARGETED_DEVICE_FAMILY = 2;
				WRAPPER_EXTENSION = app;
			};
			name = Release;
		};
		C49336AD185453010027C38C /* Debug */ = {
			isa = XCBuildConfiguration;
			buildSettings = {
				ALWAYS_SEARCH_USER_PATHS = NO;
				ARCHS = "$(ARCHS_STANDARD_INCLUDING_64_BIT)";
				CLANG_CXX_LANGUAGE_STANDARD = "gnu++0x";
				CLANG_CXX_LIBRARY = "libc++";
				CLANG_ENABLE_MODULES = YES;
				CLANG_ENABLE_OBJC_ARC = YES;
				CLANG_WARN_BOOL_CONVERSION = YES;
				CLANG_WARN_CONSTANT_CONVERSION = YES;
				CLANG_WARN_DIRECT_OBJC_ISA_USAGE = YES_ERROR;
				CLANG_WARN_EMPTY_BODY = YES;
				CLANG_WARN_ENUM_CONVERSION = YES;
				CLANG_WARN_INT_CONVERSION = YES;
				CLANG_WARN_OBJC_ROOT_CLASS = YES_ERROR;
				CLANG_WARN__DUPLICATE_METHOD_MATCH = YES;
				"CODE_SIGN_IDENTITY[sdk=iphoneos*]" = "iPhone Developer";
				COPY_PHASE_STRIP = NO;
				GCC_C_LANGUAGE_STANDARD = gnu99;
				GCC_DYNAMIC_NO_PIC = NO;
				GCC_OPTIMIZATION_LEVEL = 0;
				GCC_PREPROCESSOR_DEFINITIONS = (
					"DEBUG=1",
					"$(inherited)",
				);
				GCC_SYMBOLS_PRIVATE_EXTERN = NO;
				GCC_WARN_64_TO_32_BIT_CONVERSION = YES;
				GCC_WARN_ABOUT_RETURN_TYPE = YES_ERROR;
				GCC_WARN_UNDECLARED_SELECTOR = YES;
				GCC_WARN_UNINITIALIZED_AUTOS = YES;
				GCC_WARN_UNUSED_FUNCTION = YES;
				GCC_WARN_UNUSED_VARIABLE = YES;
				IPHONEOS_DEPLOYMENT_TARGET = 7.0;
				ONLY_ACTIVE_ARCH = YES;
				SDKROOT = iphoneos;
			};
			name = Debug;
		};
		C49336AE185453010027C38C /* Release */ = {
			isa = XCBuildConfiguration;
			buildSettings = {
				ALWAYS_SEARCH_USER_PATHS = NO;
				ARCHS = "$(ARCHS_STANDARD_INCLUDING_64_BIT)";
				CLANG_CXX_LANGUAGE_STANDARD = "gnu++0x";
				CLANG_CXX_LIBRARY = "libc++";
				CLANG_ENABLE_MODULES = YES;
				CLANG_ENABLE_OBJC_ARC = YES;
				CLANG_WARN_BOOL_CONVERSION = YES;
				CLANG_WARN_CONSTANT_CONVERSION = YES;
				CLANG_WARN_DIRECT_OBJC_ISA_USAGE = YES_ERROR;
				CLANG_WARN_EMPTY_BODY = YES;
				CLANG_WARN_ENUM_CONVERSION = YES;
				CLANG_WARN_INT_CONVERSION = YES;
				CLANG_WARN_OBJC_ROOT_CLASS = YES_ERROR;
				CLANG_WARN__DUPLICATE_METHOD_MATCH = YES;
				"CODE_SIGN_IDENTITY[sdk=iphoneos*]" = "iPhone Developer";
				COPY_PHASE_STRIP = YES;
				ENABLE_NS_ASSERTIONS = NO;
				GCC_C_LANGUAGE_STANDARD = gnu99;
				GCC_WARN_64_TO_32_BIT_CONVERSION = YES;
				GCC_WARN_ABOUT_RETURN_TYPE = YES_ERROR;
				GCC_WARN_UNDECLARED_SELECTOR = YES;
				GCC_WARN_UNINITIALIZED_AUTOS = YES;
				GCC_WARN_UNUSED_FUNCTION = YES;
				GCC_WARN_UNUSED_VARIABLE = YES;
				IPHONEOS_DEPLOYMENT_TARGET = 7.0;
				SDKROOT = iphoneos;
				VALIDATE_PRODUCT = YES;
			};
			name = Release;
		};
		C49336B0185453010027C38C /* Debug */ = {
			isa = XCBuildConfiguration;
			buildSettings = {
				ASSETCATALOG_COMPILER_APPICON_NAME = AppIcon;
				ASSETCATALOG_COMPILER_LAUNCHIMAGE_NAME = LaunchImage;
				CODE_SIGN_IDENTITY = "iPhone Developer";
				GCC_PRECOMPILE_PREFIX_HEADER = YES;
				GCC_PREFIX_HEADER = "DoTheDancing/DoTheDancing-Prefix.pch";
				INFOPLIST_FILE = "DoTheDancing/DoTheDancing-Info.plist";
				OTHER_CFLAGS = "-DCONTROLLER";
				PRODUCT_NAME = DoTheDancing;
				SPRITEKIT_TEXTURE_ATLAS_OUTPUT = YES;
				WRAPPER_EXTENSION = app;
			};
			name = Debug;
		};
		C49336B1185453010027C38C /* Release */ = {
			isa = XCBuildConfiguration;
			buildSettings = {
				ASSETCATALOG_COMPILER_APPICON_NAME = AppIcon;
				ASSETCATALOG_COMPILER_LAUNCHIMAGE_NAME = LaunchImage;
				CODE_SIGN_IDENTITY = "iPhone Developer";
				GCC_PRECOMPILE_PREFIX_HEADER = YES;
				GCC_PREFIX_HEADER = "DoTheDancing/DoTheDancing-Prefix.pch";
				INFOPLIST_FILE = "DoTheDancing/DoTheDancing-Info.plist";
				OTHER_CFLAGS = "-DCONTROLLER";
				PRODUCT_NAME = DoTheDancing;
				SPRITEKIT_TEXTURE_ATLAS_OUTPUT = YES;
				WRAPPER_EXTENSION = app;
			};
			name = Release;
		};
/* End XCBuildConfiguration section */

/* Begin XCConfigurationList section */
		C42889BA18769D3D001FFB3A /* Build configuration list for PBXNativeTarget "DoTheDancing-External" */ = {
			isa = XCConfigurationList;
			buildConfigurations = (
				C42889BB18769D3D001FFB3A /* Debug */,
				C42889BC18769D3D001FFB3A /* Release */,
			);
			defaultConfigurationIsVisible = 0;
			defaultConfigurationName = Release;
		};
		C4933671185453010027C38C /* Build configuration list for PBXProject "DoTheDancing" */ = {
			isa = XCConfigurationList;
			buildConfigurations = (
				C49336AD185453010027C38C /* Debug */,
				C49336AE185453010027C38C /* Release */,
			);
			defaultConfigurationIsVisible = 0;
			defaultConfigurationName = Release;
		};
		C49336AF185453010027C38C /* Build configuration list for PBXNativeTarget "DoTheDancing" */ = {
			isa = XCConfigurationList;
			buildConfigurations = (
				C49336B0185453010027C38C /* Debug */,
				C49336B1185453010027C38C /* Release */,
			);
			defaultConfigurationIsVisible = 0;
			defaultConfigurationName = Release;
		};
/* End XCConfigurationList section */
	};
	rootObject = C493366E185453010027C38C /* Project object */;
}
